{
  "name": "exortusbot",
  "version": "1.0.0",
  "lockfileVersion": 1,
  "dependencies": {
    "core-util-is": {
      "version": "1.0.2",
      "resolved": "https://registry.npmjs.org/core-util-is/-/core-util-is-1.0.2.tgz",
      "integrity": "sha1-tf1UIgqivFq1eqtxQMlAdUUDwac=",
      "optional": true
    },
    "discord.js": {
      "version": "11.1.0",
      "resolved": "https://registry.npmjs.org/discord.js/-/discord.js-11.1.0.tgz",
      "integrity": "sha1-U1HVnjeY9TbeGXXpLK5NEa89kmY="
    },
    "fs": {
      "version": "0.0.1-security",
      "resolved": "https://registry.npmjs.org/fs/-/fs-0.0.1-security.tgz",
      "integrity": "sha1-invTcYa23d84E/I4WLV+yq9eQdQ="
    },
    "isarray": {
      "version": "0.0.1",
      "resolved": "https://registry.npmjs.org/isarray/-/isarray-0.0.1.tgz",
      "integrity": "sha1-ihis/Kmo9Bd+Cav8YDiTmwXR7t8=",
      "optional": true
    },
    "json.db": {
      "version": "1.0.3",
      "resolved": "https://registry.npmjs.org/json.db/-/json.db-1.0.3.tgz",
      "integrity": "sha1-jMYQiuQ5iIL+DSrqQj3VMdTLcPw="
    },
    "long": {
      "version": "3.2.0",
      "resolved": "https://registry.npmjs.org/long/-/long-3.2.0.tgz",
      "integrity": "sha1-2CG3E4yhy1gcFymQ7xTbIAtcR0s="
    },
    "minimist": {
      "version": "0.0.8",
      "resolved": "https://registry.npmjs.org/minimist/-/minimist-0.0.8.tgz",
      "integrity": "sha1-hX/Kv8M5fSYluCKCYuhqp6ARsF0="
    },
    "mkdirp": {
      "version": "0.5.1",
      "resolved": "https://registry.npmjs.org/mkdirp/-/mkdirp-0.5.1.tgz",
      "integrity": "sha1-MAV0OOrGz3+MR2fzhkjWaX11yQM="
    },
    "node-json-db": {
      "version": "0.7.3",
      "resolved": "https://registry.npmjs.org/node-json-db/-/node-json-db-0.7.3.tgz",
      "integrity": "sha1-v2Mf9NTPQhHL3/5srmqq/m7lTN8="
    },
    "npm": {
      "version": "1.2.8000",
      "resolved": "https://registry.npmjs.org/npm/-/npm-1.2.8000.tgz",
      "integrity": "sha1-Ki+fpkhtRlLAP4uMYxSkIqdNckU=",
      "dependencies": {
        "abbrev": {
          "version": "1.0.5",
          "bundled": true
        },
        "ansi": {
          "version": "0.3.0",
          "bundled": true
        },
        "ansicolors": {
          "version": "0.3.2",
          "resolved": "https://registry.npmjs.org/ansicolors/-/ansicolors-0.3.2.tgz",
          "integrity": "sha1-ZlWX3oap/+Oqm/vmyuXG6kJrSXk="
        },
        "ansistyles": {
          "version": "0.1.3",
          "resolved": "https://registry.npmjs.org/ansistyles/-/ansistyles-0.1.3.tgz",
          "integrity": "sha1-XeYEFb2gcbs3EnhUyGT0GyMlRTk="
        },
        "archy": {
          "version": "0.0.2",
          "resolved": "https://registry.npmjs.org/archy/-/archy-0.0.2.tgz",
          "integrity": "sha1-kQ9Dv2YUH8M1VkWXq8GJ30Sz014="
        },
        "block-stream": {
          "version": "0.0.7",
          "resolved": "https://registry.npmjs.org/block-stream/-/block-stream-0.0.7.tgz",
          "integrity": "sha1-kIirWuHoYfTYGxdrSoBGCAcD3u0="
        },
        "char-spinner": {
          "version": "1.0.1",
          "bundled": true
        },
        "child-process-close": {
          "version": "0.1.1",
          "resolved": "https://registry.npmjs.org/child-process-close/-/child-process-close-0.1.1.tgz",
          "integrity": "sha1-wVPt56XrZaxp54o4lzsaKGN3918="
        },
        "chmodr": {
          "version": "0.1.0",
          "resolved": "https://registry.npmjs.org/chmodr/-/chmodr-0.1.0.tgz",
          "integrity": "sha1-4JIVodUVQtsqJXaWl2W89hJVg+s="
        },
        "chownr": {
          "version": "0.0.1",
          "resolved": "https://registry.npmjs.org/chownr/-/chownr-0.0.1.tgz",
          "integrity": "sha1-UdGBidkJLV+K/WI/Moi/0ca/GmI="
        },
        "cmd-shim": {
          "version": "1.1.1",
          "resolved": "https://registry.npmjs.org/cmd-shim/-/cmd-shim-1.1.1.tgz",
          "integrity": "sha1-NIspLbMu10yCg/z2xIVJuExmWKc="
        },
        "columnify": {
          "version": "1.1.0",
          "bundled": true,
          "dependencies": {
            "strip-ansi": {
              "version": "0.2.2",
              "bundled": true,
              "dependencies": {
                "ansi-regex": {
                  "version": "0.1.0",
                  "bundled": true
                }
              }
            },
            "wcwidth.js": {
              "version": "0.0.4",
              "bundled": true,
              "dependencies": {
                "underscore": {
                  "version": "1.6.0",
                  "bundled": true
                }
              }
            }
          }
        },
        "editor": {
          "version": "0.1.0",
          "bundled": true
        },
        "fstream": {
          "version": "0.1.27",
          "resolved": "https://registry.npmjs.org/fstream/-/fstream-0.1.27.tgz",
          "integrity": "sha1-gPCh5W7+8yKj9VoaKXdMpkq3NB4="
        },
        "fstream-npm": {
          "version": "0.1.7",
          "resolved": "https://registry.npmjs.org/fstream-npm/-/fstream-npm-0.1.7.tgz",
          "integrity": "sha1-Qj3F0dH8t9h4UB9Dx+EaMykr1V8=",
          "dependencies": {
            "fstream-ignore": {
              "version": "0.0.8",
              "resolved": "https://registry.npmjs.org/fstream-ignore/-/fstream-ignore-0.0.8.tgz",
              "integrity": "sha1-zEgw+5ljF4vl2es3VppKB4XPnlM="
            }
          }
        },
        "github-url-from-git": {
          "version": "1.1.1",
          "resolved": "https://registry.npmjs.org/github-url-from-git/-/github-url-from-git-1.1.1.tgz",
          "integrity": "sha1-H4liNFMSPvliOVbiZMYL9MPPXM8="
        },
        "github-url-from-username-repo": {
          "version": "0.2.0",
          "bundled": true
        },
        "glob": {
          "version": "4.0.2",
          "bundled": true
        },
        "graceful-fs": {
          "version": "3.0.2",
          "bundled": true
        },
        "inflight": {
          "version": "1.0.1",
          "bundled": true
        },
        "inherits": {
          "version": "2.0.1",
          "resolved": "https://registry.npmjs.org/inherits/-/inherits-2.0.1.tgz",
          "integrity": "sha1-sX0I0ya0Qj5Wjv9xn5GwscvfafE="
        },
        "ini": {
          "version": "1.2.1",
          "bundled": true
        },
        "init-package-json": {
          "version": "0.1.0",
          "resolved": "https://registry.npmjs.org/init-package-json/-/init-package-json-0.1.0.tgz",
          "integrity": "sha1-JJyYJ1mhAlVvKU8lksFKLa2FX1I=",
          "dependencies": {
            "promzard": {
              "version": "0.2.2",
              "resolved": "https://registry.npmjs.org/promzard/-/promzard-0.2.2.tgz",
              "integrity": "sha1-kYufKylFjLABeBqIVlAuSnmwFuA="
            }
          }
        },
        "lockfile": {
          "version": "0.4.2",
          "resolved": "https://registry.npmjs.org/lockfile/-/lockfile-0.4.2.tgz",
          "integrity": "sha1-q5H103RbwAWuT6NNB4kQ0fK5YS0="
        },
        "lru-cache": {
          "version": "2.5.0",
          "resolved": "https://registry.npmjs.org/lru-cache/-/lru-cache-2.5.0.tgz",
          "integrity": "sha1-2COIrpyWC+y+oMc7uet5tsbOmus="
        },
        "minimatch": {
          "version": "0.3.0",
          "bundled": true,
          "dependencies": {
            "sigmund": {
              "version": "1.0.0",
              "bundled": true
            }
          }
        },
        "mkdirp": {
          "version": "0.3.5",
          "resolved": "https://registry.npmjs.org/mkdirp/-/mkdirp-0.3.5.tgz",
          "integrity": "sha1-3j5fiWHIjHh+4TaN+EmsRBPsqNc="
        },
        "node-gyp": {
          "version": "0.13.1",
          "bundled": true
        },
        "nopt": {
          "version": "3.0.0",
          "resolved": "https://registry.npmjs.org/nopt/-/nopt-3.0.0.tgz",
          "integrity": "sha1-T89L8JEj1e5rL3AhSk2VeJuHXHk="
        },
        "npm-cache-filename": {
          "version": "1.0.1",
          "bundled": true
        },
        "npm-install-checks": {
          "version": "1.0.2",
          "resolved": "https://registry.npmjs.org/npm-install-checks/-/npm-install-checks-1.0.2.tgz",
          "integrity": "sha1-67p2l1P8hVEwgzPvQRkgdDpoCfY="
        },
        "npm-registry-client": {
          "version": "2.0.2",
          "resolved": "https://registry.npmjs.org/npm-registry-client/-/npm-registry-client-2.0.2.tgz",
          "integrity": "sha1-qCsAA1TH+DART7GERHZLxHfVdA8="
        },
        "npm-user-validate": {
          "version": "0.1.0",
          "resolved": "https://registry.npmjs.org/npm-user-validate/-/npm-user-validate-0.1.0.tgz",
          "integrity": "sha1-NYpbUUjtP3l3HZgDiMbjTEph9jg="
        },
        "npmconf": {
          "version": "1.0.5",
          "resolved": "https://registry.npmjs.org/npmconf/-/npmconf-1.0.5.tgz",
          "integrity": "sha1-YGSqo7rIbEGhzd+3enHOUUDJsMw=",
          "dependencies": {
            "config-chain": {
              "version": "1.1.8",
              "resolved": "https://registry.npmjs.org/config-chain/-/config-chain-1.1.8.tgz",
              "integrity": "sha1-CUPQtyJyE6INTq/0Q09KHAoFLK0=",
              "dependencies": {
                "proto-list": {
                  "version": "1.2.3",
                  "resolved": "https://registry.npmjs.org/proto-list/-/proto-list-1.2.3.tgz",
                  "integrity": "sha1-YjVVShvKHw0V48oSynMp1d70K9k="
                }
              }
            }
          }
        },
        "npmlog": {
          "version": "0.1.1",
          "resolved": "https://registry.npmjs.org/npmlog/-/npmlog-0.1.1.tgz",
          "integrity": "sha1-i5ueRAXX7EjDHCNGllqtx6uuyqU="
        },
        "once": {
          "version": "1.3.0",
          "resolved": "https://registry.npmjs.org/once/-/once-1.3.0.tgz",
          "integrity": "sha1-FRr4a/wfCMS58H0GqyUP/L61ZYE="
        },
        "opener": {
          "version": "1.3.0",
          "resolved": "https://registry.npmjs.org/opener/-/opener-1.3.0.tgz",
          "integrity": "sha1-EwumYiE/qELttM0DYdMaFTAaQ+I="
        },
        "osenv": {
          "version": "0.1.0",
          "resolved": "https://registry.npmjs.org/osenv/-/osenv-0.1.0.tgz",
          "integrity": "sha1-YWaBIe7FhJVQMLn0cLHSMJUEv8s="
        },
        "path-is-inside": {
          "version": "1.0.1",
          "resolved": "https://registry.npmjs.org/path-is-inside/-/path-is-inside-1.0.1.tgz",
          "integrity": "sha1-mNjx0DC/BL167uShulSF1AMY/Yk="
        },
        "read": {
          "version": "1.0.5",
          "resolved": "https://registry.npmjs.org/read/-/read-1.0.5.tgz",
          "integrity": "sha1-AHo9FpR4qnEKSRcn5FPv+5LnYgM=",
          "dependencies": {
            "mute-stream": {
              "version": "0.0.4",
              "resolved": "https://registry.npmjs.org/mute-stream/-/mute-stream-0.0.4.tgz",
              "integrity": "sha1-qSGZYKbV1dBGWXruUSUsZlX3F34="
            }
          }
        },
        "read-installed": {
          "version": "2.0.5",
          "resolved": "https://registry.npmjs.org/read-installed/-/read-installed-2.0.5.tgz",
          "integrity": "sha1-dh7aH9LcMi+Od4RKi/Hd7bz8dUs=",
          "dependencies": {
            "util-extend": {
              "version": "1.0.1",
              "resolved": "https://registry.npmjs.org/util-extend/-/util-extend-1.0.1.tgz",
              "integrity": "sha1-u3A7eUgCk93Nz7PGqf6iD0g0Fbw="
            }
          }
        },
        "read-package-json": {
          "version": "1.2.2",
          "resolved": "https://registry.npmjs.org/read-package-json/-/read-package-json-1.2.2.tgz",
          "integrity": "sha1-VF/JBE0TW/X+CmfG6rNowxhsuv4=",
          "dependencies": {
            "normalize-package-data": {
              "version": "0.3.0",
              "resolved": "https://registry.npmjs.org/normalize-package-data/-/normalize-package-data-0.3.0.tgz",
              "integrity": "sha1-cOqeW2yvafqp2D5C9xSJZCNy2BU="
            }
          }
        },
        "request": {
          "version": "2.30.0",
          "resolved": "https://registry.npmjs.org/request/-/request-2.30.0.tgz",
          "integrity": "sha1-jg028IBuiRFSSwcrZMXuU1oJ2GE=",
          "dependencies": {
            "aws-sign2": {
              "version": "0.5.0",
              "resolved": "https://registry.npmjs.org/aws-sign2/-/aws-sign2-0.5.0.tgz",
              "integrity": "sha1-xXED96F/wDfwLXwuZLYC6iI/fWM=",
              "optional": true
            },
            "forever-agent": {
              "version": "0.5.0",
              "resolved": "https://registry.npmjs.org/forever-agent/-/forever-agent-0.5.0.tgz",
              "integrity": "sha1-DBZHp0868S12oHqZSQrefHJJyPA="
            },
            "form-data": {
              "version": "0.1.2",
              "resolved": "https://registry.npmjs.org/form-data/-/form-data-0.1.2.tgz",
              "integrity": "sha1-EUPCE1eRGnjdeROxibS6tdXVdEU=",
              "optional": true,
              "dependencies": {
                "async": {
                  "version": "0.2.9",
                  "resolved": "https://registry.npmjs.org/async/-/async-0.2.9.tgz",
                  "integrity": "sha1-32MGD789Myhqdqr21Vophtn/hhk=",
                  "optional": true
                },
                "combined-stream": {
                  "version": "0.0.4",
                  "resolved": "https://registry.npmjs.org/combined-stream/-/combined-stream-0.0.4.tgz",
                  "integrity": "sha1-LRpDNH2+lRWkonlnMuW4hHOECyI=",
                  "optional": true,
                  "dependencies": {
                    "delayed-stream": {
                      "version": "0.0.5",
                      "resolved": "https://registry.npmjs.org/delayed-stream/-/delayed-stream-0.0.5.tgz",
                      "integrity": "sha1-1LH0OpPoKW3+AmlPRoC8N6MTxz8=",
                      "optional": true
                    }
                  }
                }
              }
            },
            "hawk": {
              "version": "1.0.0",
              "resolved": "https://registry.npmjs.org/hawk/-/hawk-1.0.0.tgz",
              "integrity": "sha1-uQuxaYByhUEdp//LjdJZhQLTtS0=",
              "optional": true,
              "dependencies": {
                "boom": {
                  "version": "0.4.2",
                  "resolved": "https://registry.npmjs.org/boom/-/boom-0.4.2.tgz",
                  "integrity": "sha1-emNune1O/O+xnO9JR6PGffrukRs="
                },
                "cryptiles": {
                  "version": "0.2.2",
                  "resolved": "https://registry.npmjs.org/cryptiles/-/cryptiles-0.2.2.tgz",
                  "integrity": "sha1-7ZH/HxetE9N0gohZT4pIoNJvMlw=",
                  "optional": true
                },
                "hoek": {
                  "version": "0.9.1",
                  "resolved": "https://registry.npmjs.org/hoek/-/hoek-0.9.1.tgz",
                  "integrity": "sha1-PTIkYrrfB3Fup+uFuviAec3c5QU="
                },
                "sntp": {
                  "version": "0.2.4",
                  "resolved": "https://registry.npmjs.org/sntp/-/sntp-0.2.4.tgz",
                  "integrity": "sha1-+4hfGLDzqtGJ+CSGJTa87ux1CQA=",
                  "optional": true
                }
              }
            },
            "http-signature": {
              "version": "0.10.0",
              "resolved": "https://registry.npmjs.org/http-signature/-/http-signature-0.10.0.tgz",
              "integrity": "sha1-FJTk9QAKg8DxG8wS1gB8Uwy5lYI=",
              "optional": true,
              "dependencies": {
                "asn1": {
                  "version": "0.1.11",
                  "resolved": "https://registry.npmjs.org/asn1/-/asn1-0.1.11.tgz",
                  "integrity": "sha1-VZvhg3bQik7E2+gId9J4GGObLfc=",
                  "optional": true
                },
                "assert-plus": {
                  "version": "0.1.2",
                  "resolved": "https://registry.npmjs.org/assert-plus/-/assert-plus-0.1.2.tgz",
                  "integrity": "sha1-2T/9u2esVQd3m+MWp9ZRRkF77vg=",
                  "optional": true
                },
                "ctype": {
                  "version": "0.5.2",
                  "resolved": "https://registry.npmjs.org/ctype/-/ctype-0.5.2.tgz",
                  "integrity": "sha1-/oCR1Gijc6Cwyf+Lv7NCXACXOh0=",
                  "optional": true
                }
              }
            },
            "json-stringify-safe": {
              "version": "5.0.0",
              "resolved": "https://registry.npmjs.org/json-stringify-safe/-/json-stringify-safe-5.0.0.tgz",
              "integrity": "sha1-TB8ii1BQg366nSH1DC5uMgYkVm4="
            },
            "mime": {
              "version": "1.2.11",
              "resolved": "https://registry.npmjs.org/mime/-/mime-1.2.11.tgz",
              "integrity": "sha1-WCA+7Ybjpe8XrtK32evUfwpg3RA="
            },
            "node-uuid": {
              "version": "1.4.1",
              "resolved": "https://registry.npmjs.org/node-uuid/-/node-uuid-1.4.1.tgz",
              "integrity": "sha1-Oa71EOWImj3KnIlbUGxzquG6wEg="
            },
            "oauth-sign": {
              "version": "0.3.0",
              "resolved": "https://registry.npmjs.org/oauth-sign/-/oauth-sign-0.3.0.tgz",
              "integrity": "sha1-y1QPk7srIqfVlBaRoojWDo6pOG4=",
              "optional": true
            },
            "qs": {
              "version": "0.6.6",
              "resolved": "https://registry.npmjs.org/qs/-/qs-0.6.6.tgz",
              "integrity": "sha1-bgFQmP9RlouKPIGQAdXyyJvEsQc="
            },
            "tough-cookie": {
              "version": "0.9.15",
              "resolved": "https://registry.npmjs.org/tough-cookie/-/tough-cookie-0.9.15.tgz",
              "integrity": "sha1-dWF6w0fjZZBSsDUBMYhYKWdzmfY=",
              "optional": true,
              "dependencies": {
                "punycode": {
                  "version": "1.2.3",
                  "resolved": "https://registry.npmjs.org/punycode/-/punycode-1.2.3.tgz",
                  "integrity": "sha1-tOMERxCC14PHOzuvq/L9m2pIYmY=",
                  "optional": true
                }
              }
            },
            "tunnel-agent": {
              "version": "0.3.0",
              "resolved": "https://registry.npmjs.org/tunnel-agent/-/tunnel-agent-0.3.0.tgz",
              "integrity": "sha1-rWgbaPUyGtKCfEz7G31d8s/pQu4=",
              "optional": true
            }
          }
        },
        "retry": {
          "version": "0.6.0",
          "resolved": "https://registry.npmjs.org/retry/-/retry-0.6.0.tgz",
          "integrity": "sha1-HAEHEyeab9Ho3vKK8MP/GHHKpTc="
        },
        "rimraf": {
          "version": "2.2.8",
          "bundled": true
        },
        "semver": {
          "version": "2.3.0",
          "resolved": "https://registry.npmjs.org/semver/-/semver-2.3.0.tgz",
          "integrity": "sha1-0xspA+vioYBsBbjnY5FqcYMQihU="
        },
        "sha": {
          "version": "1.2.4",
          "bundled": true,
          "dependencies": {
            "readable-stream": {
              "version": "1.0.34",
              "resolved": "https://registry.npmjs.org/readable-stream/-/readable-stream-1.0.34.tgz",
              "integrity": "sha1-Elgg40vIQtLyqq+v5MKRbuMsFXw=",
              "optional": true
            }
          }
        },
        "slide": {
          "version": "1.1.5",
          "resolved": "https://registry.npmjs.org/slide/-/slide-1.1.5.tgz",
          "integrity": "sha1-MXMq3q548dLWCim2O69qAy33wl0="
        },
        "sorted-object": {
          "version": "1.0.0",
          "resolved": "https://registry.npmjs.org/sorted-object/-/sorted-object-1.0.0.tgz",
          "integrity": "sha1-XR9PnB+yzUiWWWcwTiEutEz7bQU="
        },
        "tar": {
          "version": "0.1.19",
          "resolved": "https://registry.npmjs.org/tar/-/tar-0.1.19.tgz",
          "integrity": "sha1-/kWUF5nmYM4epS2HXTdIG0vxPqw="
        },
        "text-table": {
          "version": "0.2.0",
          "resolved": "https://registry.npmjs.org/text-table/-/text-table-0.2.0.tgz",
          "integrity": "sha1-f17oI66AUgfACvLfSoTsP8+lcLQ="
        },
        "uid-number": {
          "version": "0.0.5",
          "bundled": true
        },
        "which": {
          "version": "1.0.5",
          "resolved": "https://registry.npmjs.org/which/-/which-1.0.5.tgz",
          "integrity": "sha1-VjDWgZ3aaS8UZEYueVbLQsCEJzk="
        }
      }
    },
    "prism-media": {
      "version": "0.0.1",
      "resolved": "https://registry.npmjs.org/prism-media/-/prism-media-0.0.1.tgz",
      "integrity": "sha1-o0JcnKvVDRxsAuVDlBoRiVZnvRA="
    },
    "safe-buffer": {
      "version": "5.0.1",
      "resolved": "https://registry.npmjs.org/safe-buffer/-/safe-buffer-5.0.1.tgz",
      "integrity": "sha1-0mPKVGls2KMGtcplUekt5XkY++c="
    },
    "snekfetch": {
      "version": "3.1.8",
      "resolved": "https://registry.npmjs.org/snekfetch/-/snekfetch-3.1.8.tgz",
      "integrity": "sha512-hRXeasaRhCNxgtEbrRN6F7MvyvtdaJ6yHI37TkjXJIwMcFOaeK2LQxzfPHTqhyOYL+ZIyq49/Hdxo4SXfmkbPg=="
    },
    "string_decoder": {
      "version": "0.10.31",
      "resolved": "https://registry.npmjs.org/string_decoder/-/string_decoder-0.10.31.tgz",
      "integrity": "sha1-YuIDvEF2bGwoyfyEMB2rHFMQ+pQ=",
      "optional": true
    },
    "tweetnacl": {
      "version": "0.14.5",
      "resolved": "https://registry.npmjs.org/tweetnacl/-/tweetnacl-0.14.5.tgz",
      "integrity": "sha1-WuaBd/GS1EViadEIr6k/+HQ/T2Q="
    },
    "ultron": {
      "version": "1.1.0",
      "resolved": "https://registry.npmjs.org/ultron/-/ultron-1.1.0.tgz",
      "integrity": "sha1-sHoualQagV/Go0zNRTO67DB8qGQ="
    },
    "ws": {
      "version": "2.3.1",
      "resolved": "https://registry.npmjs.org/ws/-/ws-2.3.1.tgz",
      "integrity": "sha1-a5Sz5EfLajY/eF6vlK9jWejoHIA="
    }
  }
}
